
Microsoft Visual Studio Solution File, Format Version 12.00
# Visual Studio 15
VisualStudioVersion = 15.0.28307.757
MinimumVisualStudioVersion = 10.0.40219.1
Project("{FAE04EC0-301F-11D3-BF4B-00C04F79EFBC}") = "Senai.Ekips.WebApi", "Senai.Ekips.WebApi\Senai.Ekips.WebApi.csproj", "{173DA82C-A4D7-47AE-A5D0-FECF40857B72}"
EndProject
Global
	GlobalSection(SolutionConfigurationPlatforms) = preSolution
		Debug|Any CPU = Debug|Any CPU
		Release|Any CPU = Release|Any CPU
	EndGlobalSection
	GlobalSection(ProjectConfigurationPlatforms) = postSolution
		{173DA82C-A4D7-47AE-A5D0-FECF40857B72}.Debug|Any CPU.ActiveCfg = Debug|Any CPU
		{173DA82C-A4D7-47AE-A5D0-FECF40857B72}.Debug|Any CPU.Build.0 = Debug|Any CPU
		{173DA82C-A4D7-47AE-A5D0-FECF40857B72}.Release|Any CPU.ActiveCfg = Release|Any CPU
		{173DA82C-A4D7-47AE-A5D0-FECF40857B72}.Release|Any CPU.Build.0 = Release|Any CPU
	EndGlobalSection
	GlobalSection(SolutionProperties) = preSolution
		HideSolutionNode = FALSE
	EndGlobalSection
	GlobalSection(ExtensibilityGlobals) = postSolution
		SolutionGuid = {7B0FDF4A-F3AC-4625-A9B1-EC11C5D0DF8C}
	EndGlobalSection
EndGlobal
